
Microsoft Visual Studio Solution File, Format Version 11.00
# Visual Studio 2010
Project("{8BC9CEB8-8B4A-11D0-8D11-00A0C91BC942}") = "NyanPong", "NyanPong\NyanPong.vcxproj", "{BAE9F21B-0C4A-4ED9-906B-65FE4F26EECF}"
EndProject
Global
	GlobalSection(SolutionConfigurationPlatforms) = preSolution
		Debug|Win32 = Debug|Win32
		Release|Win32 = Release|Win32
	EndGlobalSection
	GlobalSection(ProjectConfigurationPlatforms) = postSolution
		{BAE9F21B-0C4A-4ED9-906B-65FE4F26EECF}.Debug|Win32.ActiveCfg = Debug|Win32
		{BAE9F21B-0C4A-4ED9-906B-65FE4F26EECF}.Debug|Win32.Build.0 = Debug|Win32
		{BAE9F21B-0C4A-4ED9-906B-65FE4F26EECF}.Release|Win32.ActiveCfg = Release|Win32
		{BAE9F21B-0C4A-4ED9-906B-65FE4F26EECF}.Release|Win32.Build.0 = Release|Win32
	EndGlobalSection
	GlobalSection(SolutionProperties) = preSolution
		HideSolutionNode = FALSE
	EndGlobalSection
EndGlobal
